// !$*UTF8*$!
{
	archiveVersion = 1;
	classes = {
	};
	objectVersion = 56;
	objects = {

/* Begin PBXBuildFile section */
		D0AA19492B6973AC00AF6F42 /* AttackVectorsApp.swift in Sources */ = {isa = PBXBuildFile; fileRef = D0AA19482B6973AC00AF6F42 /* AttackVectorsApp.swift */; };
		D0AA194B2B6973AC00AF6F42 /* ContentView.swift in Sources */ = {isa = PBXBuildFile; fileRef = D0AA194A2B6973AC00AF6F42 /* ContentView.swift */; };
		D0AA194D2B6973AF00AF6F42 /* Assets.xcassets in Resources */ = {isa = PBXBuildFile; fileRef = D0AA194C2B6973AF00AF6F42 /* Assets.xcassets */; };
		D0AA19512B6973AF00AF6F42 /* Preview Assets.xcassets in Resources */ = {isa = PBXBuildFile; fileRef = D0AA19502B6973AF00AF6F42 /* Preview Assets.xcassets */; };
		D0AA195B2B6973AF00AF6F42 /* AttackVectorsTests.swift in Sources */ = {isa = PBXBuildFile; fileRef = D0AA195A2B6973AF00AF6F42 /* AttackVectorsTests.swift */; };
		D0AA19652B6973AF00AF6F42 /* AttackVectorsUITests.swift in Sources */ = {isa = PBXBuildFile; fileRef = D0AA19642B6973AF00AF6F42 /* AttackVectorsUITests.swift */; };
		D0AA19672B6973AF00AF6F42 /* AttackVectorsUITestsLaunchTests.swift in Sources */ = {isa = PBXBuildFile; fileRef = D0AA19662B6973AF00AF6F42 /* AttackVectorsUITestsLaunchTests.swift */; };
/* End PBXBuildFile section */

/* Begin PBXContainerItemProxy section */
		D0AA19572B6973AF00AF6F42 /* PBXContainerItemProxy */ = {
			isa = PBXContainerItemProxy;
			containerPortal = D0AA193D2B6973AC00AF6F42 /* Project object */;
			proxyType = 1;
			remoteGlobalIDString = D0AA19442B6973AC00AF6F42;
			remoteInfo = AttackVectors;
		};
		D0AA19612B6973AF00AF6F42 /* PBXContainerItemProxy */ = {
			isa = PBXContainerItemProxy;
			containerPortal = D0AA193D2B6973AC00AF6F42 /* Project object */;
			proxyType = 1;
			remoteGlobalIDString = D0AA19442B6973AC00AF6F42;
			remoteInfo = AttackVectors;
		};
/* End PBXContainerItemProxy section */

/* Begin PBXFileReference section */
		D0AA19452B6973AC00AF6F42 /* AttackVectors.app */ = {isa = PBXFileReference; explicitFileType = wrapper.application; includeInIndex = 0; path = AttackVectors.app; sourceTree = BUILT_PRODUCTS_DIR; };
		D0AA19482B6973AC00AF6F42 /* AttackVectorsApp.swift */ = {isa = PBXFileReference; lastKnownFileType = sourcecode.swift; path = AttackVectorsApp.swift; sourceTree = "<group>"; };
		D0AA194A2B6973AC00AF6F42 /* ContentView.swift */ = {isa = PBXFileReference; lastKnownFileType = sourcecode.swift; path = ContentView.swift; sourceTree = "<group>"; };
		D0AA194C2B6973AF00AF6F42 /* Assets.xcassets */ = {isa = PBXFileReference; lastKnownFileType = folder.assetcatalog; path = Assets.xcassets; sourceTree = "<group>"; };
		D0AA194E2B6973AF00AF6F42 /* AttackVectors.entitlements */ = {isa = PBXFileReference; lastKnownFileType = text.plist.entitlements; path = AttackVectors.entitlements; sourceTree = "<group>"; };
		D0AA19502B6973AF00AF6F42 /* Preview Assets.xcassets */ = {isa = PBXFileReference; lastKnownFileType = folder.assetcatalog; path = "Preview Assets.xcassets"; sourceTree = "<group>"; };
		D0AA19562B6973AF00AF6F42 /* AttackVectorsTests.xctest */ = {isa = PBXFileReference; explicitFileType = wrapper.cfbundle; includeInIndex = 0; path = AttackVectorsTests.xctest; sourceTree = BUILT_PRODUCTS_DIR; };
		D0AA195A2B6973AF00AF6F42 /* AttackVectorsTests.swift */ = {isa = PBXFileReference; lastKnownFileType = sourcecode.swift; path = AttackVectorsTests.swift; sourceTree = "<group>"; };
		D0AA19602B6973AF00AF6F42 /* AttackVectorsUITests.xctest */ = {isa = PBXFileReference; explicitFileType = wrapper.cfbundle; includeInIndex = 0; path = AttackVectorsUITests.xctest; sourceTree = BUILT_PRODUCTS_DIR; };
		D0AA19642B6973AF00AF6F42 /* AttackVectorsUITests.swift */ = {isa = PBXFileReference; lastKnownFileType = sourcecode.swift; path = AttackVectorsUITests.swift; sourceTree = "<group>"; };
		D0AA19662B6973AF00AF6F42 /* AttackVectorsUITestsLaunchTests.swift */ = {isa = PBXFileReference; lastKnownFileType = sourcecode.swift; path = AttackVectorsUITestsLaunchTests.swift; sourceTree = "<group>"; };
/* End PBXFileReference section */

/* Begin PBXFrameworksBuildPhase section */
		D0AA19422B6973AC00AF6F42 /* Frameworks */ = {
			isa = PBXFrameworksBuildPhase;
			buildActionMask = 2147483647;
			files = (
			);
			runOnlyForDeploymentPostprocessing = 0;
		};
		D0AA19532B6973AF00AF6F42 /* Frameworks */ = {
			isa = PBXFrameworksBuildPhase;
			buildActionMask = 2147483647;
			files = (
			);
			runOnlyForDeploymentPostprocessing = 0;
		};
		D0AA195D2B6973AF00AF6F42 /* Frameworks */ = {
			isa = PBXFrameworksBuildPhase;
			buildActionMask = 2147483647;
			files = (
			);
			runOnlyForDeploymentPostprocessing = 0;
		};
/* End PBXFrameworksBuildPhase section */

/* Begin PBXGroup section */
		D0AA193C2B6973AC00AF6F42 = {
			isa = PBXGroup;
			children = (
				D0AA19472B6973AC00AF6F42 /* AttackVectors */,
				D0AA19592B6973AF00AF6F42 /* AttackVectorsTests */,
				D0AA19632B6973AF00AF6F42 /* AttackVectorsUITests */,
				D0AA19462B6973AC00AF6F42 /* Products */,
			);
			sourceTree = "<group>";
		};
		D0AA19462B6973AC00AF6F42 /* Products */ = {
			isa = PBXGroup;
			children = (
				D0AA19452B6973AC00AF6F42 /* AttackVectors.app */,
				D0AA19562B6973AF00AF6F42 /* AttackVectorsTests.xctest */,
				D0AA19602B6973AF00AF6F42 /* AttackVectorsUITests.xctest */,
			);
			name = Products;
			sourceTree = "<group>";
		};
		D0AA19472B6973AC00AF6F42 /* AttackVectors */ = {
			isa = PBXGroup;
			children = (
				D0AA19482B6973AC00AF6F42 /* AttackVectorsApp.swift */,
				D0AA194A2B6973AC00AF6F42 /* ContentView.swift */,
				D0AA194C2B6973AF00AF6F42 /* Assets.xcassets */,
				D0AA194E2B6973AF00AF6F42 /* AttackVectors.entitlements */,
				D0AA194F2B6973AF00AF6F42 /* Preview Content */,
			);
			path = AttackVectors;
			sourceTree = "<group>";
		};
		D0AA194F2B6973AF00AF6F42 /* Preview Content */ = {
			isa = PBXGroup;
			children = (
				D0AA19502B6973AF00AF6F42 /* Preview Assets.xcassets */,
			);
			path = "Preview Content";
			sourceTree = "<group>";
		};
		D0AA19592B6973AF00AF6F42 /* AttackVectorsTests */ = {
			isa = PBXGroup;
			children = (
				D0AA195A2B6973AF00AF6F42 /* AttackVectorsTests.swift */,
			);
			path = AttackVectorsTests;
			sourceTree = "<group>";
		};
		D0AA19632B6973AF00AF6F42 /* AttackVectorsUITests */ = {
			isa = PBXGroup;
			children = (
				D0AA19642B6973AF00AF6F42 /* AttackVectorsUITests.swift */,
				D0AA19662B6973AF00AF6F42 /* AttackVectorsUITestsLaunchTests.swift */,
			);
			path = AttackVectorsUITests;
			sourceTree = "<group>";
		};
/* End PBXGroup section */

/* Begin PBXNativeTarget section */
		D0AA19442B6973AC00AF6F42 /* AttackVectors */ = {
			isa = PBXNativeTarget;
			buildConfigurationList = D0AA196A2B6973AF00AF6F42 /* Build configuration list for PBXNativeTarget "AttackVectors" */;
			buildPhases = (
				D0AA19412B6973AC00AF6F42 /* Sources */,
				D0AA19422B6973AC00AF6F42 /* Frameworks */,
				D0AA19432B6973AC00AF6F42 /* Resources */,
			);
			buildRules = (
			);
			dependencies = (
			);
			name = AttackVectors;
			productName = AttackVectors;
			productReference = D0AA19452B6973AC00AF6F42 /* AttackVectors.app */;
			productType = "com.apple.product-type.application";
		};
		D0AA19552B6973AF00AF6F42 /* AttackVectorsTests */ = {
			isa = PBXNativeTarget;
			buildConfigurationList = D0AA196D2B6973AF00AF6F42 /* Build configuration list for PBXNativeTarget "AttackVectorsTests" */;
			buildPhases = (
				D0AA19522B6973AF00AF6F42 /* Sources */,
				D0AA19532B6973AF00AF6F42 /* Frameworks */,
				D0AA19542B6973AF00AF6F42 /* Resources */,
			);
			buildRules = (
			);
			dependencies = (
				D0AA19582B6973AF00AF6F42 /* PBXTargetDependency */,
			);
			name = AttackVectorsTests;
			productName = AttackVectorsTests;
			productReference = D0AA19562B6973AF00AF6F42 /* AttackVectorsTests.xctest */;
			productType = "com.apple.product-type.bundle.unit-test";
		};
		D0AA195F2B6973AF00AF6F42 /* AttackVectorsUITests */ = {
			isa = PBXNativeTarget;
			buildConfigurationList = D0AA19702B6973AF00AF6F42 /* Build configuration list for PBXNativeTarget "AttackVectorsUITests" */;
			buildPhases = (
				D0AA195C2B6973AF00AF6F42 /* Sources */,
				D0AA195D2B6973AF00AF6F42 /* Frameworks */,
				D0AA195E2B6973AF00AF6F42 /* Resources */,
			);
			buildRules = (
			);
			dependencies = (
				D0AA19622B6973AF00AF6F42 /* PBXTargetDependency */,
			);
			name = AttackVectorsUITests;
			productName = AttackVectorsUITests;
			productReference = D0AA19602B6973AF00AF6F42 /* AttackVectorsUITests.xctest */;
			productType = "com.apple.product-type.bundle.ui-testing";
		};
/* End PBXNativeTarget section */

/* Begin PBXProject section */
		D0AA193D2B6973AC00AF6F42 /* Project object */ = {
			isa = PBXProject;
			attributes = {
				BuildIndependentTargetsInParallel = 1;
				LastSwiftUpdateCheck = 1520;
				LastUpgradeCheck = 1520;
				TargetAttributes = {
					D0AA19442B6973AC00AF6F42 = {
						CreatedOnToolsVersion = 15.2;
					};
					D0AA19552B6973AF00AF6F42 = {
						CreatedOnToolsVersion = 15.2;
						TestTargetID = D0AA19442B6973AC00AF6F42;
					};
					D0AA195F2B6973AF00AF6F42 = {
						CreatedOnToolsVersion = 15.2;
						TestTargetID = D0AA19442B6973AC00AF6F42;
					};
				};
			};
			buildConfigurationList = D0AA19402B6973AC00AF6F42 /* Build configuration list for PBXProject "AttackVectors" */;
			compatibilityVersion = "Xcode 14.0";
			developmentRegion = en;
			hasScannedForEncodings = 0;
			knownRegions = (
				en,
				Base,
			);
			mainGroup = D0AA193C2B6973AC00AF6F42;
			productRefGroup = D0AA19462B6973AC00AF6F42 /* Products */;
			projectDirPath = "";
			projectRoot = "";
			targets = (
				D0AA19442B6973AC00AF6F42 /* AttackVectors */,
				D0AA19552B6973AF00AF6F42 /* AttackVectorsTests */,
				D0AA195F2B6973AF00AF6F42 /* AttackVectorsUITests */,
			);
		};
/* End PBXProject section */

/* Begin PBXResourcesBuildPhase section */
		D0AA19432B6973AC00AF6F42 /* Resources */ = {
			isa = PBXResourcesBuildPhase;
			buildActionMask = 2147483647;
			files = (
				D0AA19512B6973AF00AF6F42 /* Preview Assets.xcassets in Resources */,
				D0AA194D2B6973AF00AF6F42 /* Assets.xcassets in Resources */,
			);
			runOnlyForDeploymentPostprocessing = 0;
		};
		D0AA19542B6973AF00AF6F42 /* Resources */ = {
			isa = PBXResourcesBuildPhase;
			buildActionMask = 2147483647;
			files = (
			);
			runOnlyForDeploymentPostprocessing = 0;
		};
		D0AA195E2B6973AF00AF6F42 /* Resources */ = {
			isa = PBXResourcesBuildPhase;
			buildActionMask = 2147483647;
			files = (
			);
			runOnlyForDeploymentPostprocessing = 0;
		};
/* End PBXResourcesBuildPhase section */

/* Begin PBXSourcesBuildPhase section */
		D0AA19412B6973AC00AF6F42 /* Sources */ = {
			isa = PBXSourcesBuildPhase;
			buildActionMask = 2147483647;
			files = (
				D0AA194B2B6973AC00AF6F42 /* ContentView.swift in Sources */,
				D0AA19492B6973AC00AF6F42 /* AttackVectorsApp.swift in Sources */,
			);
			runOnlyForDeploymentPostprocessing = 0;
		};
		D0AA19522B6973AF00AF6F42 /* Sources */ = {
			isa = PBXSourcesBuildPhase;
			buildActionMask = 2147483647;
			files = (
				D0AA195B2B6973AF00AF6F42 /* AttackVectorsTests.swift in Sources */,
			);
			runOnlyForDeploymentPostprocessing = 0;
		};
		D0AA195C2B6973AF00AF6F42 /* Sources */ = {
			isa = PBXSourcesBuildPhase;
			buildActionMask = 2147483647;
			files = (
				D0AA19652B6973AF00AF6F42 /* AttackVectorsUITests.swift in Sources */,
				D0AA19672B6973AF00AF6F42 /* AttackVectorsUITestsLaunchTests.swift in Sources */,
			);
			runOnlyForDeploymentPostprocessing = 0;
		};
/* End PBXSourcesBuildPhase section */

/* Begin PBXTargetDependency section */
		D0AA19582B6973AF00AF6F42 /* PBXTargetDependency */ = {
			isa = PBXTargetDependency;
			target = D0AA19442B6973AC00AF6F42 /* AttackVectors */;
			targetProxy = D0AA19572B6973AF00AF6F42 /* PBXContainerItemProxy */;
		};
		D0AA19622B6973AF00AF6F42 /* PBXTargetDependency */ = {
			isa = PBXTargetDependency;
			target = D0AA19442B6973AC00AF6F42 /* AttackVectors */;
			targetProxy = D0AA19612B6973AF00AF6F42 /* PBXContainerItemProxy */;
		};
/* End PBXTargetDependency section */

/* Begin XCBuildConfiguration section */
		D0AA19682B6973AF00AF6F42 /* Debug */ = {
			isa = XCBuildConfiguration;
			buildSettings = {
				ALWAYS_SEARCH_USER_PATHS = NO;
				ASSETCATALOG_COMPILER_GENERATE_SWIFT_ASSET_SYMBOL_EXTENSIONS = YES;
				CLANG_ANALYZER_NONNULL = YES;
				CLANG_ANALYZER_NUMBER_OBJECT_CONVERSION = YES_AGGRESSIVE;
				CLANG_CXX_LANGUAGE_STANDARD = "gnu++20";
				CLANG_ENABLE_MODULES = YES;
				CLANG_ENABLE_OBJC_ARC = YES;
				CLANG_ENABLE_OBJC_WEAK = YES;
				CLANG_WARN_BLOCK_CAPTURE_AUTORELEASING = YES;
				CLANG_WARN_BOOL_CONVERSION = YES;
				CLANG_WARN_COMMA = YES;
				CLANG_WARN_CONSTANT_CONVERSION = YES;
				CLANG_WARN_DEPRECATED_OBJC_IMPLEMENTATIONS = YES;
				CLANG_WARN_DIRECT_OBJC_ISA_USAGE = YES_ERROR;
				CLANG_WARN_DOCUMENTATION_COMMENTS = YES;
				CLANG_WARN_EMPTY_BODY = YES;
				CLANG_WARN_ENUM_CONVERSION = YES;
				CLANG_WARN_INFINITE_RECURSION = YES;
				CLANG_WARN_INT_CONVERSION = YES;
				CLANG_WARN_NON_LITERAL_NULL_CONVERSION = YES;
				CLANG_WARN_OBJC_IMPLICIT_RETAIN_SELF = YES;
				CLANG_WARN_OBJC_LITERAL_CONVERSION = YES;
				CLANG_WARN_OBJC_ROOT_CLASS = YES_ERROR;
				CLANG_WARN_QUOTED_INCLUDE_IN_FRAMEWORK_HEADER = YES;
				CLANG_WARN_RANGE_LOOP_ANALYSIS = YES;
				CLANG_WARN_STRICT_PROTOTYPES = YES;
				CLANG_WARN_SUSPICIOUS_MOVE = YES;
				CLANG_WARN_UNGUARDED_AVAILABILITY = YES_AGGRESSIVE;
				CLANG_WARN_UNREACHABLE_CODE = YES;
				CLANG_WARN__DUPLICATE_METHOD_MATCH = YES;
				COPY_PHASE_STRIP = NO;
				DEBUG_INFORMATION_FORMAT = dwarf;
				ENABLE_STRICT_OBJC_MSGSEND = YES;
				ENABLE_TESTABILITY = YES;
				ENABLE_USER_SCRIPT_SANDBOXING = YES;
				GCC_C_LANGUAGE_STANDARD = gnu17;
				GCC_DYNAMIC_NO_PIC = NO;
				GCC_NO_COMMON_BLOCKS = YES;
				GCC_OPTIMIZATION_LEVEL = 0;
				GCC_PREPROCESSOR_DEFINITIONS = (
					"DEBUG=1",
					"$(inherited)",
				);
				GCC_WARN_64_TO_32_BIT_CONVERSION = YES;
				GCC_WARN_ABOUT_RETURN_TYPE = YES_ERROR;
				GCC_WARN_UNDECLARED_SELECTOR = YES;
				GCC_WARN_UNINITIALIZED_AUTOS = YES_AGGRESSIVE;
				GCC_WARN_UNUSED_FUNCTION = YES;
				GCC_WARN_UNUSED_VARIABLE = YES;
				LOCALIZATION_PREFERS_STRING_CATALOGS = YES;
				MTL_ENABLE_DEBUG_INFO = INCLUDE_SOURCE;
				MTL_FAST_MATH = YES;
				ONLY_ACTIVE_ARCH = YES;
				SWIFT_ACTIVE_COMPILATION_CONDITIONS = "DEBUG $(inherited)";
				SWIFT_OPTIMIZATION_LEVEL = "-Onone";
			};
			name = Debug;
		};
		D0AA19692B6973AF00AF6F42 /* Release */ = {
			isa = XCBuildConfiguration;
			buildSettings = {
				ALWAYS_SEARCH_USER_PATHS = NO;
				ASSETCATALOG_COMPILER_GENERATE_SWIFT_ASSET_SYMBOL_EXTENSIONS = YES;
				CLANG_ANALYZER_NONNULL = YES;
				CLANG_ANALYZER_NUMBER_OBJECT_CONVERSION = YES_AGGRESSIVE;
				CLANG_CXX_LANGUAGE_STANDARD = "gnu++20";
				CLANG_ENABLE_MODULES = YES;
				CLANG_ENABLE_OBJC_ARC = YES;
				CLANG_ENABLE_OBJC_WEAK = YES;
				CLANG_WARN_BLOCK_CAPTURE_AUTORELEASING = YES;
				CLANG_WARN_BOOL_CONVERSION = YES;
				CLANG_WARN_COMMA = YES;
				CLANG_WARN_CONSTANT_CONVERSION = YES;
				CLANG_WARN_DEPRECATED_OBJC_IMPLEMENTATIONS = YES;
				CLANG_WARN_DIRECT_OBJC_ISA_USAGE = YES_ERROR;
				CLANG_WARN_DOCUMENTATION_COMMENTS = YES;
				CLANG_WARN_EMPTY_BODY = YES;
				CLANG_WARN_ENUM_CONVERSION = YES;
				CLANG_WARN_INFINITE_RECURSION = YES;
				CLANG_WARN_INT_CONVERSION = YES;
				CLANG_WARN_NON_LITERAL_NULL_CONVERSION = YES;
				CLANG_WARN_OBJC_IMPLICIT_RETAIN_SELF = YES;
				CLANG_WARN_OBJC_LITERAL_CONVERSION = YES;
				CLANG_WARN_OBJC_ROOT_CLASS = YES_ERROR;
				CLANG_WARN_QUOTED_INCLUDE_IN_FRAMEWORK_HEADER = YES;
				CLANG_WARN_RANGE_LOOP_ANALYSIS = YES;
				CLANG_WARN_STRICT_PROTOTYPES = YES;
				CLANG_WARN_SUSPICIOUS_MOVE = YES;
				CLANG_WARN_UNGUARDED_AVAILABILITY = YES_AGGRESSIVE;
				CLANG_WARN_UNREACHABLE_CODE = YES;
				CLANG_WARN__DUPLICATE_METHOD_MATCH = YES;
				COPY_PHASE_STRIP = NO;
				DEBUG_INFORMATION_FORMAT = "dwarf-with-dsym";
				ENABLE_NS_ASSERTIONS = NO;
				ENABLE_STRICT_OBJC_MSGSEND = YES;
				ENABLE_USER_SCRIPT_SANDBOXING = YES;
				GCC_C_LANGUAGE_STANDARD = gnu17;
				GCC_NO_COMMON_BLOCKS = YES;
				GCC_WARN_64_TO_32_BIT_CONVERSION = YES;
				GCC_WARN_ABOUT_RETURN_TYPE = YES_ERROR;
				GCC_WARN_UNDECLARED_SELECTOR = YES;
				GCC_WARN_UNINITIALIZED_AUTOS = YES_AGGRESSIVE;
				GCC_WARN_UNUSED_FUNCTION = YES;
				GCC_WARN_UNUSED_VARIABLE = YES;
				LOCALIZATION_PREFERS_STRING_CATALOGS = YES;
				MTL_ENABLE_DEBUG_INFO = NO;
				MTL_FAST_MATH = YES;
				SWIFT_COMPILATION_MODE = wholemodule;
			};
			name = Release;
		};
		D0AA196B2B6973AF00AF6F42 /* Debug */ = {
			isa = XCBuildConfiguration;
			buildSettings = {
				ASSETCATALOG_COMPILER_APPICON_NAME = AppIcon;
				ASSETCATALOG_COMPILER_GLOBAL_ACCENT_COLOR_NAME = AccentColor;
				CODE_SIGN_ENTITLEMENTS = AttackVectors/AttackVectors.entitlements;
				CODE_SIGN_STYLE = Automatic;
				CURRENT_PROJECT_VERSION = 1;
				DEVELOPMENT_ASSET_PATHS = "\"AttackVectors/Preview Content\"";
				ENABLE_PREVIEWS = YES;
				GENERATE_INFOPLIST_FILE = YES;
				"INFOPLIST_KEY_UIApplicationSceneManifest_Generation[sdk=iphoneos*]" = YES;
				"INFOPLIST_KEY_UIApplicationSceneManifest_Generation[sdk=iphonesimulator*]" = YES;
				"INFOPLIST_KEY_UIApplicationSupportsIndirectInputEvents[sdk=iphoneos*]" = YES;
				"INFOPLIST_KEY_UIApplicationSupportsIndirectInputEvents[sdk=iphonesimulator*]" = YES;
				"INFOPLIST_KEY_UILaunchScreen_Generation[sdk=iphoneos*]" = YES;
				"INFOPLIST_KEY_UILaunchScreen_Generation[sdk=iphonesimulator*]" = YES;
				"INFOPLIST_KEY_UIStatusBarStyle[sdk=iphoneos*]" = UIStatusBarStyleDefault;
				"INFOPLIST_KEY_UIStatusBarStyle[sdk=iphonesimulator*]" = UIStatusBarStyleDefault;
				INFOPLIST_KEY_UISupportedInterfaceOrientations_iPad = "UIInterfaceOrientationPortrait UIInterfaceOrientationPortraitUpsideDown UIInterfaceOrientationLandscapeLeft UIInterfaceOrientationLandscapeRight";
				INFOPLIST_KEY_UISupportedInterfaceOrientations_iPhone = "UIInterfaceOrientationPortrait UIInterfaceOrientationLandscapeLeft UIInterfaceOrientationLandscapeRight";
				IPHONEOS_DEPLOYMENT_TARGET = 17.2;
				LD_RUNPATH_SEARCH_PATHS = "@executable_path/Frameworks";
				"LD_RUNPATH_SEARCH_PATHS[sdk=macosx*]" = "@executable_path/../Frameworks";
				MACOSX_DEPLOYMENT_TARGET = 14.0;
				MARKETING_VERSION = 1.0;
				PRODUCT_BUNDLE_IDENTIFIER = vectors.AttackVectors;
				PRODUCT_NAME = "$(TARGET_NAME)";
				SDKROOT = auto;
				SUPPORTED_PLATFORMS = "iphoneos iphonesimulator macosx";
				SWIFT_EMIT_LOC_STRINGS = YES;
				SWIFT_VERSION = 5.0;
				TARGETED_DEVICE_FAMILY = "1,2";
			};
			name = Debug;
		};
		D0AA196C2B6973AF00AF6F42 /* Release */ = {
			isa = XCBuildConfiguration;
			buildSettings = {
				ASSETCATALOG_COMPILER_APPICON_NAME = AppIcon;
				ASSETCATALOG_COMPILER_GLOBAL_ACCENT_COLOR_NAME = AccentColor;
				CODE_SIGN_ENTITLEMENTS = AttackVectors/AttackVectors.entitlements;
				CODE_SIGN_STYLE = Automatic;
				CURRENT_PROJECT_VERSION = 1;
				DEVELOPMENT_ASSET_PATHS = "\"AttackVectors/Preview Content\"";
				ENABLE_PREVIEWS = YES;
				GENERATE_INFOPLIST_FILE = YES;
				"INFOPLIST_KEY_UIApplicationSceneManifest_Generation[sdk=iphoneos*]" = YES;
				"INFOPLIST_KEY_UIApplicationSceneManifest_Generation[sdk=iphonesimulator*]" = YES;
				"INFOPLIST_KEY_UIApplicationSupportsIndirectInputEvents[sdk=iphoneos*]" = YES;
				"INFOPLIST_KEY_UIApplicationSupportsIndirectInputEvents[sdk=iphonesimulator*]" = YES;
				"INFOPLIST_KEY_UILaunchScreen_Generation[sdk=iphoneos*]" = YES;
				"INFOPLIST_KEY_UILaunchScreen_Generation[sdk=iphonesimulator*]" = YES;
				"INFOPLIST_KEY_UIStatusBarStyle[sdk=iphoneos*]" = UIStatusBarStyleDefault;
				"INFOPLIST_KEY_UIStatusBarStyle[sdk=iphonesimulator*]" = UIStatusBarStyleDefault;
				INFOPLIST_KEY_UISupportedInterfaceOrientations_iPad = "UIInterfaceOrientationPortrait UIInterfaceOrientationPortraitUpsideDown UIInterfaceOrientationLandscapeLeft UIInterfaceOrientationLandscapeRight";
				INFOPLIST_KEY_UISupportedInterfaceOrientations_iPhone = "UIInterfaceOrientationPortrait UIInterfaceOrientationLandscapeLeft UIInterfaceOrientationLandscapeRight";
				IPHONEOS_DEPLOYMENT_TARGET = 17.2;
				LD_RUNPATH_SEARCH_PATHS = "@executable_path/Frameworks";
				"LD_RUNPATH_SEARCH_PATHS[sdk=macosx*]" = "@executable_path/../Frameworks";
				MACOSX_DEPLOYMENT_TARGET = 14.0;
				MARKETING_VERSION = 1.0;
				PRODUCT_BUNDLE_IDENTIFIER = vectors.AttackVectors;
				PRODUCT_NAME = "$(TARGET_NAME)";
				SDKROOT = auto;
				SUPPORTED_PLATFORMS = "iphoneos iphonesimulator macosx";
				SWIFT_EMIT_LOC_STRINGS = YES;
				SWIFT_VERSION = 5.0;
				TARGETED_DEVICE_FAMILY = "1,2";
			};
			name = Release;
		};
		D0AA196E2B6973AF00AF6F42 /* Debug */ = {
			isa = XCBuildConfiguration;
			buildSettings = {
				ALWAYS_EMBED_SWIFT_STANDARD_LIBRARIES = YES;
				BUNDLE_LOADER = "$(TEST_HOST)";
				CODE_SIGN_STYLE = Automatic;
				CURRENT_PROJECT_VERSION = 1;
				GENERATE_INFOPLIST_FILE = YES;
				IPHONEOS_DEPLOYMENT_TARGET = 17.2;
				MACOSX_DEPLOYMENT_TARGET = 14.0;
				MARKETING_VERSION = 1.0;
				PRODUCT_BUNDLE_IDENTIFIER = vectors.AttackVectorsTests;
				PRODUCT_NAME = "$(TARGET_NAME)";
				SDKROOT = auto;
				SUPPORTED_PLATFORMS = "iphoneos iphonesimulator macosx";
				SWIFT_EMIT_LOC_STRINGS = NO;
				SWIFT_VERSION = 5.0;
				TARGETED_DEVICE_FAMILY = "1,2";
				TEST_HOST = "$(BUILT_PRODUCTS_DIR)/AttackVectors.app/$(BUNDLE_EXECUTABLE_FOLDER_PATH)/AttackVectors";
			};
			name = Debug;
		};
		D0AA196F2B6973AF00AF6F42 /* Release */ = {
			isa = XCBuildConfiguration;
			buildSettings = {
				ALWAYS_EMBED_SWIFT_STANDARD_LIBRARIES = YES;
				BUNDLE_LOADER = "$(TEST_HOST)";
				CODE_SIGN_STYLE = Automatic;
				CURRENT_PROJECT_VERSION = 1;
				GENERATE_INFOPLIST_FILE = YES;
				IPHONEOS_DEPLOYMENT_TARGET = 17.2;
				MACOSX_DEPLOYMENT_TARGET = 14.0;
				MARKETING_VERSION = 1.0;
				PRODUCT_BUNDLE_IDENTIFIER = vectors.AttackVectorsTests;
				PRODUCT_NAME = "$(TARGET_NAME)";
				SDKROOT = auto;
				SUPPORTED_PLATFORMS = "iphoneos iphonesimulator macosx";
				SWIFT_EMIT_LOC_STRINGS = NO;
				SWIFT_VERSION = 5.0;
				TARGETED_DEVICE_FAMILY = "1,2";
				TEST_HOST = "$(BUILT_PRODUCTS_DIR)/AttackVectors.app/$(BUNDLE_EXECUTABLE_FOLDER_PATH)/AttackVectors";
			};
			name = Release;
		};
		D0AA19712B6973AF00AF6F42 /* Debug */ = {
			isa = XCBuildConfiguration;
			buildSettings = {
				ALWAYS_EMBED_SWIFT_STANDARD_LIBRARIES = YES;
				CODE_SIGN_STYLE = Automatic;
				CURRENT_PROJECT_VERSION = 1;
				GENERATE_INFOPLIST_FILE = YES;
				IPHONEOS_DEPLOYMENT_TARGET = 17.2;
				MACOSX_DEPLOYMENT_TARGET = 14.0;
				MARKETING_VERSION = 1.0;
				PRODUCT_BUNDLE_IDENTIFIER = vectors.AttackVectorsUITests;
				PRODUCT_NAME = "$(TARGET_NAME)";
				SDKROOT = auto;
				SUPPORTED_PLATFORMS = "iphoneos iphonesimulator macosx";
				SWIFT_EMIT_LOC_STRINGS = NO;
				SWIFT_VERSION = 5.0;
				TARGETED_DEVICE_FAMILY = "1,2";
				TEST_TARGET_NAME = AttackVectors;
			};
			name = Debug;
		};
		D0AA19722B6973AF00AF6F42 /* Release */ = {
			isa = XCBuildConfiguration;
			buildSettings = {
				ALWAYS_EMBED_SWIFT_STANDARD_LIBRARIES = YES;
				CODE_SIGN_STYLE = Automatic;
				CURRENT_PROJECT_VERSION = 1;
				GENERATE_INFOPLIST_FILE = YES;
				IPHONEOS_DEPLOYMENT_TARGET = 17.2;
				MACOSX_DEPLOYMENT_TARGET = 14.0;
				MARKETING_VERSION = 1.0;
				PRODUCT_BUNDLE_IDENTIFIER = vectors.AttackVectorsUITests;
				PRODUCT_NAME = "$(TARGET_NAME)";
				SDKROOT = auto;
				SUPPORTED_PLATFORMS = "iphoneos iphonesimulator macosx";
				SWIFT_EMIT_LOC_STRINGS = NO;
				SWIFT_VERSION = 5.0;
				TARGETED_DEVICE_FAMILY = "1,2";
				TEST_TARGET_NAME = AttackVectors;
			};
			name = Release;
		};
/* End XCBuildConfiguration section */

/* Begin XCConfigurationList section */
		D0AA19402B6973AC00AF6F42 /* Build configuration list for PBXProject "AttackVectors" */ = {
			isa = XCConfigurationList;
			buildConfigurations = (
				D0AA19682B6973AF00AF6F42 /* Debug */,
				D0AA19692B6973AF00AF6F42 /* Release */,
			);
			defaultConfigurationIsVisible = 0;
			defaultConfigurationName = Release;
		};
		D0AA196A2B6973AF00AF6F42 /* Build configuration list for PBXNativeTarget "AttackVectors" */ = {
			isa = XCConfigurationList;
			buildConfigurations = (
				D0AA196B2B6973AF00AF6F42 /* Debug */,
				D0AA196C2B6973AF00AF6F42 /* Release */,
			);
			defaultConfigurationIsVisible = 0;
			defaultConfigurationName = Release;
		};
		D0AA196D2B6973AF00AF6F42 /* Build configuration list for PBXNativeTarget "AttackVectorsTests" */ = {
			isa = XCConfigurationList;
			buildConfigurations = (
				D0AA196E2B6973AF00AF6F42 /* Debug */,
				D0AA196F2B6973AF00AF6F42 /* Release */,
			);
			defaultConfigurationIsVisible = 0;
			defaultConfigurationName = Release;
		};
		D0AA19702B6973AF00AF6F42 /* Build configuration list for PBXNativeTarget "AttackVectorsUITests" */ = {
			isa = XCConfigurationList;
			buildConfigurations = (
				D0AA19712B6973AF00AF6F42 /* Debug */,
				D0AA19722B6973AF00AF6F42 /* Release */,
			);
			defaultConfigurationIsVisible = 0;
			defaultConfigurationName = Release;
		};
/* End XCConfigurationList section */
	};
	rootObject = D0AA193D2B6973AC00AF6F42 /* Project object */;
}
